
Microsoft Visual Studio Solution File, Format Version 12.00
Project("{FAE04EC0-301F-11D3-BF4B-00C04F79EFBC}") = "StopwatchInIDisposable", "src\StopwatchInIDisposable\StopwatchInIDisposable.csproj", "{9F81ADA1-2051-4247-9E6C-0F1D35B79E9C}"
EndProject
Project("{2150E333-8FDC-42A3-9474-1A3956D46DE8}") = "SolutionItems", "SolutionItems", "{269370C2-70CF-4D46-8268-B679E461C5D3}"
	ProjectSection(SolutionItems) = preProject
		.editorconfig = .editorconfig
		global.json = global.json
	EndProjectSection
EndProject
Project("{FAE04EC0-301F-11D3-BF4B-00C04F79EFBC}") = "StopwatchInIDisposable.Sample", "src\StopwatchInIDisposable.Sample\StopwatchInIDisposable.Sample.csproj", "{6E5E1448-E21A-483E-86C1-242F9D9E628F}"
EndProject
Global
	GlobalSection(SolutionConfigurationPlatforms) = preSolution
		Debug|Any CPU = Debug|Any CPU
		Release|Any CPU = Release|Any CPU
	EndGlobalSection
	GlobalSection(ProjectConfigurationPlatforms) = postSolution
		{9F81ADA1-2051-4247-9E6C-0F1D35B79E9C}.Debug|Any CPU.ActiveCfg = Debug|Any CPU
		{9F81ADA1-2051-4247-9E6C-0F1D35B79E9C}.Debug|Any CPU.Build.0 = Debug|Any CPU
		{9F81ADA1-2051-4247-9E6C-0F1D35B79E9C}.Release|Any CPU.ActiveCfg = Release|Any CPU
		{9F81ADA1-2051-4247-9E6C-0F1D35B79E9C}.Release|Any CPU.Build.0 = Release|Any CPU
		{6E5E1448-E21A-483E-86C1-242F9D9E628F}.Debug|Any CPU.ActiveCfg = Debug|Any CPU
		{6E5E1448-E21A-483E-86C1-242F9D9E628F}.Debug|Any CPU.Build.0 = Debug|Any CPU
		{6E5E1448-E21A-483E-86C1-242F9D9E628F}.Release|Any CPU.ActiveCfg = Release|Any CPU
		{6E5E1448-E21A-483E-86C1-242F9D9E628F}.Release|Any CPU.Build.0 = Release|Any CPU
	EndGlobalSection
EndGlobal
