
Microsoft Visual Studio Solution File, Format Version 12.00
# Visual Studio Version 17
VisualStudioVersion = 17.1.32407.343
MinimumVisualStudioVersion = 10.0.40219.1
Project("{9A19103F-16F7-4668-BE54-9A1E7A4F7556}") = "StopwatchInIDisposable", "src\StopwatchInIDisposable\StopwatchInIDisposable.csproj", "{9F81ADA1-2051-4247-9E6C-0F1D35B79E9C}"
EndProject
Project("{2150E333-8FDC-42A3-9474-1A3956D46DE8}") = "SolutionItems", "SolutionItems", "{269370C2-70CF-4D46-8268-B679E461C5D3}"
	ProjectSection(SolutionItems) = preProject
		.editorconfig = .editorconfig
		global.json = global.json
	EndProjectSection
EndProject
Project("{9A19103F-16F7-4668-BE54-9A1E7A4F7556}") = "StopwatchInIDisposable.Sample", "samples\StopwatchInIDisposable.Sample\StopwatchInIDisposable.Sample.csproj", "{6E5E1448-E21A-483E-86C1-242F9D9E628F}"
EndProject
Project("{2150E333-8FDC-42A3-9474-1A3956D46DE8}") = "src", "src", "{8965B9BA-947E-4E3D-90EC-C54C47B6DA2C}"
EndProject
Project("{2150E333-8FDC-42A3-9474-1A3956D46DE8}") = "samples", "samples", "{5EE08EF6-6E62-47AB-AF07-B24D14B98BE9}"
EndProject
Project("{FAE04EC0-301F-11D3-BF4B-00C04F79EFBC}") = "StopwatchInIDisposable.Benchmarks", "samples\StopwatchInIDisposable.Benchmarks\StopwatchInIDisposable.Benchmarks.csproj", "{0621A5A0-01D5-42CC-9F68-7625902A32E2}"
EndProject
Global
	GlobalSection(SolutionConfigurationPlatforms) = preSolution
		Debug|Any CPU = Debug|Any CPU
		Release|Any CPU = Release|Any CPU
	EndGlobalSection
	GlobalSection(ProjectConfigurationPlatforms) = postSolution
		{9F81ADA1-2051-4247-9E6C-0F1D35B79E9C}.Debug|Any CPU.ActiveCfg = Debug|Any CPU
		{9F81ADA1-2051-4247-9E6C-0F1D35B79E9C}.Debug|Any CPU.Build.0 = Debug|Any CPU
		{9F81ADA1-2051-4247-9E6C-0F1D35B79E9C}.Release|Any CPU.ActiveCfg = Release|Any CPU
		{9F81ADA1-2051-4247-9E6C-0F1D35B79E9C}.Release|Any CPU.Build.0 = Release|Any CPU
		{6E5E1448-E21A-483E-86C1-242F9D9E628F}.Debug|Any CPU.ActiveCfg = Debug|Any CPU
		{6E5E1448-E21A-483E-86C1-242F9D9E628F}.Debug|Any CPU.Build.0 = Debug|Any CPU
		{6E5E1448-E21A-483E-86C1-242F9D9E628F}.Release|Any CPU.ActiveCfg = Release|Any CPU
		{6E5E1448-E21A-483E-86C1-242F9D9E628F}.Release|Any CPU.Build.0 = Release|Any CPU
		{0621A5A0-01D5-42CC-9F68-7625902A32E2}.Debug|Any CPU.ActiveCfg = Debug|Any CPU
		{0621A5A0-01D5-42CC-9F68-7625902A32E2}.Debug|Any CPU.Build.0 = Debug|Any CPU
		{0621A5A0-01D5-42CC-9F68-7625902A32E2}.Release|Any CPU.ActiveCfg = Release|Any CPU
		{0621A5A0-01D5-42CC-9F68-7625902A32E2}.Release|Any CPU.Build.0 = Release|Any CPU
	EndGlobalSection
	GlobalSection(SolutionProperties) = preSolution
		HideSolutionNode = FALSE
	EndGlobalSection
	GlobalSection(NestedProjects) = preSolution
		{9F81ADA1-2051-4247-9E6C-0F1D35B79E9C} = {8965B9BA-947E-4E3D-90EC-C54C47B6DA2C}
		{6E5E1448-E21A-483E-86C1-242F9D9E628F} = {5EE08EF6-6E62-47AB-AF07-B24D14B98BE9}
		{0621A5A0-01D5-42CC-9F68-7625902A32E2} = {5EE08EF6-6E62-47AB-AF07-B24D14B98BE9}
	EndGlobalSection
	GlobalSection(ExtensibilityGlobals) = postSolution
		SolutionGuid = {99FD268F-0171-4FA7-8A77-B093C8F22205}
	EndGlobalSection
EndGlobal
